
Microsoft Visual Studio Solution File, Format Version 12.00
# Visual Studio Version 16
VisualStudioVersion = 16.0.31729.503
MinimumVisualStudioVersion = 10.0.40219.1
Project("{9A19103F-16F7-4668-BE54-9A1E7A4F7556}") = "MppSolarPoller", "MppSolarPoller\MppSolarPoller.csproj", "{2D78FEB6-CE7D-4FD9-9045-1D9AD1F03C8B}"
EndProject
Project("{9A19103F-16F7-4668-BE54-9A1E7A4F7556}") = "MppSolarPoller.Base", "MppSolarPoller.Base\MppSolarPoller.Base.csproj", "{215525AC-9B83-4F7A-B1F6-C5AD00161850}"
EndProject
Project("{9A19103F-16F7-4668-BE54-9A1E7A4F7556}") = "PIP5048GK", "PIP5048GK\PIP5048GK.csproj", "{155C3A27-5B18-450C-B6D6-4E0FD5ED2C57}"
EndProject
Project("{2150E333-8FDC-42A3-9474-1A3956D46DE8}") = "Models", "Models", "{DFE1CB2D-1650-45AD-9DF3-A783310E426B}"
EndProject
Project("{9A19103F-16F7-4668-BE54-9A1E7A4F7556}") = "TestModel", "TestModel\TestModel.csproj", "{EDDF0303-CB89-423D-B5D1-3E33F05412C2}"
EndProject
Global
	GlobalSection(SolutionConfigurationPlatforms) = preSolution
		Debug|Any CPU = Debug|Any CPU
		Release|Any CPU = Release|Any CPU
	EndGlobalSection
	GlobalSection(ProjectConfigurationPlatforms) = postSolution
		{2D78FEB6-CE7D-4FD9-9045-1D9AD1F03C8B}.Debug|Any CPU.ActiveCfg = Debug|Any CPU
		{2D78FEB6-CE7D-4FD9-9045-1D9AD1F03C8B}.Debug|Any CPU.Build.0 = Debug|Any CPU
		{2D78FEB6-CE7D-4FD9-9045-1D9AD1F03C8B}.Release|Any CPU.ActiveCfg = Release|Any CPU
		{2D78FEB6-CE7D-4FD9-9045-1D9AD1F03C8B}.Release|Any CPU.Build.0 = Release|Any CPU
		{215525AC-9B83-4F7A-B1F6-C5AD00161850}.Debug|Any CPU.ActiveCfg = Debug|Any CPU
		{215525AC-9B83-4F7A-B1F6-C5AD00161850}.Debug|Any CPU.Build.0 = Debug|Any CPU
		{215525AC-9B83-4F7A-B1F6-C5AD00161850}.Release|Any CPU.ActiveCfg = Release|Any CPU
		{215525AC-9B83-4F7A-B1F6-C5AD00161850}.Release|Any CPU.Build.0 = Release|Any CPU
		{155C3A27-5B18-450C-B6D6-4E0FD5ED2C57}.Debug|Any CPU.ActiveCfg = Debug|Any CPU
		{155C3A27-5B18-450C-B6D6-4E0FD5ED2C57}.Debug|Any CPU.Build.0 = Debug|Any CPU
		{155C3A27-5B18-450C-B6D6-4E0FD5ED2C57}.Release|Any CPU.ActiveCfg = Release|Any CPU
		{155C3A27-5B18-450C-B6D6-4E0FD5ED2C57}.Release|Any CPU.Build.0 = Release|Any CPU
		{EDDF0303-CB89-423D-B5D1-3E33F05412C2}.Debug|Any CPU.ActiveCfg = Debug|Any CPU
		{EDDF0303-CB89-423D-B5D1-3E33F05412C2}.Debug|Any CPU.Build.0 = Debug|Any CPU
		{EDDF0303-CB89-423D-B5D1-3E33F05412C2}.Release|Any CPU.ActiveCfg = Release|Any CPU
		{EDDF0303-CB89-423D-B5D1-3E33F05412C2}.Release|Any CPU.Build.0 = Release|Any CPU
	EndGlobalSection
	GlobalSection(SolutionProperties) = preSolution
		HideSolutionNode = FALSE
	EndGlobalSection
	GlobalSection(NestedProjects) = preSolution
		{155C3A27-5B18-450C-B6D6-4E0FD5ED2C57} = {DFE1CB2D-1650-45AD-9DF3-A783310E426B}
		{EDDF0303-CB89-423D-B5D1-3E33F05412C2} = {DFE1CB2D-1650-45AD-9DF3-A783310E426B}
	EndGlobalSection
	GlobalSection(ExtensibilityGlobals) = postSolution
		SolutionGuid = {B329D8B6-B136-433A-9643-CA1B3304342D}
	EndGlobalSection
EndGlobal
